#MicroXplorer Configuration settings - do not modify
CAD.formats=
CAD.pinconfig=
CAD.provider=
FATFS.IPParameters=_CODE_PAGE,_MAX_SS
FATFS._CODE_PAGE=936
FATFS._MAX_SS=4096
FDCAN1.CalculateBaudRateNominal=1000000
FDCAN1.CalculateTimeBitNominal=1000
FDCAN1.CalculateTimeQuantumNominal=111.11111111111111
FDCAN1.ClockDivider=FDCAN_CLOCK_DIV2
FDCAN1.IPParameters=CalculateTimeQuantumNominal,CalculateTimeBitNominal,CalculateBaudRateNominal,NominalPrescaler,NominalTimeSeg1,ClockDivider,NominalTimeSeg2
FDCAN1.NominalPrescaler=8
FDCAN1.NominalTimeSeg1=4
FDCAN1.NominalTimeSeg2=4
File.Version=6
GPIO.groupedBy=Group By Peripherals
KeepUserPlacement=false
Mcu.CPN=STM32G431CBU6
Mcu.Family=STM32G4
Mcu.IP0=FATFS
Mcu.IP1=FDCAN1
Mcu.IP2=NVIC
Mcu.IP3=RCC
Mcu.IP4=SPI1
Mcu.IP5=SYS
Mcu.IP6=TIM15
Mcu.IP7=USB
Mcu.IP8=USB_DEVICE
Mcu.IPNb=9
Mcu.Name=STM32G431C(6-8-B)Ux
Mcu.Package=UFQFPN48
Mcu.Pin0=PC13
Mcu.Pin1=PC15-OSC32_OUT
Mcu.Pin10=PC6
Mcu.Pin11=PA8
Mcu.Pin12=PA11
Mcu.Pin13=PA12
Mcu.Pin14=PA13
Mcu.Pin15=PA14
Mcu.Pin16=PA15
Mcu.Pin17=PB7
Mcu.Pin18=PB8-BOOT0
Mcu.Pin19=PB9
Mcu.Pin2=PF0-OSC_IN
Mcu.Pin20=VP_FATFS_VS_Generic
Mcu.Pin21=VP_SYS_VS_Systick
Mcu.Pin22=VP_SYS_VS_DBSignals
Mcu.Pin23=VP_USB_DEVICE_VS_USB_DEVICE_CDC_FS
Mcu.Pin3=PF1-OSC_OUT
Mcu.Pin4=PA5
Mcu.Pin5=PA6
Mcu.Pin6=PA7
Mcu.Pin7=PC4
Mcu.Pin8=PB13
Mcu.Pin9=PB15
Mcu.PinsNb=24
Mcu.ThirdPartyNb=0
Mcu.UserConstants=
Mcu.UserName=STM32G431CBUx
MxCube.Version=6.12.0
MxDb.Version=DB.6.0.120
NVIC.BusFault_IRQn=true\:0\:0\:false\:false\:true\:false\:false\:false
NVIC.DebugMonitor_IRQn=true\:0\:0\:false\:false\:true\:false\:false\:false
NVIC.FDCAN1_IT0_IRQn=true\:0\:0\:false\:false\:true\:true\:true\:true
NVIC.ForceEnableDMAVector=true
NVIC.HardFault_IRQn=true\:0\:0\:false\:false\:true\:false\:false\:false
NVIC.MemoryManagement_IRQn=true\:0\:0\:false\:false\:true\:false\:false\:false
NVIC.NonMaskableInt_IRQn=true\:0\:0\:false\:false\:true\:false\:false\:false
NVIC.PendSV_IRQn=true\:0\:0\:false\:false\:true\:false\:false\:false
NVIC.PriorityGroup=NVIC_PRIORITYGROUP_4
NVIC.SVCall_IRQn=true\:0\:0\:false\:false\:true\:false\:false\:false
NVIC.SysTick_IRQn=true\:15\:0\:false\:false\:true\:false\:true\:false
NVIC.USB_LP_IRQn=true\:0\:0\:false\:false\:true\:false\:true\:true
NVIC.UsageFault_IRQn=true\:0\:0\:false\:false\:true\:false\:false\:false
PA11.Mode=Device
PA11.Signal=USB_DM
PA12.Mode=Device
PA12.Signal=USB_DP
PA13.Mode=Serial_Wire
PA13.Signal=SYS_JTMS-SWDIO
PA14.Mode=Serial_Wire
PA14.Signal=SYS_JTCK-SWCLK
PA15.GPIOParameters=GPIO_Speed,PinState,GPIO_Label
PA15.GPIO_Label=FLASH_CS
PA15.GPIO_Speed=GPIO_SPEED_FREQ_VERY_HIGH
PA15.Locked=true
PA15.PinState=GPIO_PIN_SET
PA15.Signal=GPIO_Output
PA5.GPIOParameters=GPIO_Speed,GPIO_PuPd,GPIO_Label
PA5.GPIO_Label=FLASH_CLK
PA5.GPIO_PuPd=GPIO_PULLUP
PA5.GPIO_Speed=GPIO_SPEED_FREQ_VERY_HIGH
PA5.Mode=Full_Duplex_Master
PA5.Signal=SPI1_SCK
PA6.GPIOParameters=GPIO_Speed,GPIO_Label
PA6.GPIO_Label=FLASH_DO
PA6.GPIO_Speed=GPIO_SPEED_FREQ_VERY_HIGH
PA6.Mode=Full_Duplex_Master
PA6.Signal=SPI1_MISO
PA7.GPIOParameters=GPIO_Speed,GPIO_Label
PA7.GPIO_Label=FLASH_DI
PA7.GPIO_Speed=GPIO_SPEED_FREQ_VERY_HIGH
PA7.Mode=Full_Duplex_Master
PA7.Signal=SPI1_MOSI
PA8.GPIOParameters=GPIO_Speed,GPIO_PuPd,GPIO_Label,GPIO_ModeDefaultOutputPP
PA8.GPIO_Label=OLED_SDA
PA8.GPIO_ModeDefaultOutputPP=GPIO_MODE_OUTPUT_OD
PA8.GPIO_PuPd=GPIO_PULLUP
PA8.GPIO_Speed=GPIO_SPEED_FREQ_HIGH
PA8.Locked=true
PA8.Signal=GPIO_Output
PB13.GPIOParameters=GPIO_Label
PB13.GPIO_Label=KEY_CTRL
PB13.Locked=true
PB13.Signal=GPIO_Input
PB15.GPIOParameters=GPIO_Speed,GPIO_Label
PB15.GPIO_Label=BUZZER
PB15.GPIO_Speed=GPIO_SPEED_FREQ_HIGH
PB15.Locked=true
PB15.Signal=S_TIM15_CH2
PB7.GPIOParameters=GPIO_Speed,PinState,GPIO_Label
PB7.GPIO_Label=LED_RED
PB7.GPIO_Speed=GPIO_SPEED_FREQ_MEDIUM
PB7.Locked=true
PB7.PinState=GPIO_PIN_SET
PB7.Signal=GPIO_Output
PB8-BOOT0.GPIOParameters=GPIO_Speed,GPIO_PuPd,GPIO_FM8,GPIO_Mode
PB8-BOOT0.GPIO_FM8=__NULL
PB8-BOOT0.GPIO_Mode=GPIO_MODE_AF_PP
PB8-BOOT0.GPIO_PuPd=GPIO_NOPULL
PB8-BOOT0.GPIO_Speed=GPIO_SPEED_FREQ_LOW
PB8-BOOT0.Locked=true
PB8-BOOT0.Mode=FDCAN_Activate
PB8-BOOT0.Signal=FDCAN1_RX
PB9.GPIOParameters=GPIO_Speed,GPIO_PuPd,GPIO_Mode,GPIO_FM9
PB9.GPIO_FM9=__NULL
PB9.GPIO_Mode=GPIO_MODE_AF_PP
PB9.GPIO_PuPd=GPIO_NOPULL
PB9.GPIO_Speed=GPIO_SPEED_FREQ_LOW
PB9.Locked=true
PB9.Mode=FDCAN_Activate
PB9.Signal=FDCAN1_TX
PC13.GPIOParameters=GPIO_PuPd,GPIO_Label
PC13.GPIO_Label=CAN_ODT
PC13.GPIO_PuPd=GPIO_NOPULL
PC13.Locked=true
PC13.Signal=GPIO_Output
PC15-OSC32_OUT.GPIOParameters=GPIO_Label
PC15-OSC32_OUT.GPIO_Label=CAN_STBY
PC15-OSC32_OUT.Locked=true
PC15-OSC32_OUT.Signal=GPIO_Output
PC4.GPIOParameters=GPIO_Speed,GPIO_PuPd,GPIO_Label,GPIO_ModeDefaultOutputPP
PC4.GPIO_Label=OLED_SCL
PC4.GPIO_ModeDefaultOutputPP=GPIO_MODE_OUTPUT_OD
PC4.GPIO_PuPd=GPIO_PULLUP
PC4.GPIO_Speed=GPIO_SPEED_FREQ_HIGH
PC4.Locked=true
PC4.Signal=GPIO_Output
PC6.GPIOParameters=GPIO_Speed,PinState,GPIO_Label
PC6.GPIO_Label=LED_GREEN
PC6.GPIO_Speed=GPIO_SPEED_FREQ_HIGH
PC6.Locked=true
PC6.PinState=GPIO_PIN_SET
PC6.Signal=GPIO_Output
PF0-OSC_IN.Mode=HSE-External-Oscillator
PF0-OSC_IN.Signal=RCC_OSC_IN
PF1-OSC_OUT.Mode=HSE-External-Oscillator
PF1-OSC_OUT.Signal=RCC_OSC_OUT
PinOutPanel.RotationAngle=0
ProjectManager.AskForMigrate=true
ProjectManager.BackupPrevious=false
ProjectManager.CompilerOptimize=6
ProjectManager.ComputerToolchain=false
ProjectManager.CoupleFile=true
ProjectManager.CustomerFirmwarePackage=
ProjectManager.DefaultFWLocation=true
ProjectManager.DeletePrevious=true
ProjectManager.DeviceId=STM32G431CBUx
ProjectManager.FirmwarePackage=STM32Cube FW_G4 V1.6.0
ProjectManager.FreePins=false
ProjectManager.HalAssertFull=false
ProjectManager.HeapSize=0x800
ProjectManager.KeepUserCode=true
ProjectManager.LastFirmware=true
ProjectManager.LibraryCopy=1
ProjectManager.MainLocation=Core/Src
ProjectManager.NoMain=false
ProjectManager.PreviousToolchain=
ProjectManager.ProjectBuild=false
ProjectManager.ProjectFileName=myDDTLink.ioc
ProjectManager.ProjectName=myDDTLink
ProjectManager.ProjectStructure=
ProjectManager.RegisterCallBack=
ProjectManager.StackSize=0x3000
ProjectManager.TargetToolchain=MDK-ARM V5.32
ProjectManager.ToolChainLocation=
ProjectManager.UAScriptAfterPath=
ProjectManager.UAScriptBeforePath=
ProjectManager.UnderRoot=false
ProjectManager.functionlistsort=1-SystemClock_Config-RCC-false-HAL-false,2-MX_GPIO_Init-GPIO-false-HAL-true,3-MX_TIM15_Init-TIM15-false-HAL-true,4-MX_FDCAN1_Init-FDCAN1-false-HAL-true,5-MX_USB_Device_Init-USB_DEVICE-false-HAL-false,6-MX_SPI1_Init-SPI1-false-HAL-true,7-MX_FATFS_Init-FATFS-false-HAL-false
RCC.ADC12Freq_Value=144000000
RCC.AHBFreq_Value=144000000
RCC.APB1Freq_Value=144000000
RCC.APB1TimFreq_Value=144000000
RCC.APB2Freq_Value=144000000
RCC.APB2TimFreq_Value=144000000
RCC.CRSFreq_Value=48000000
RCC.CortexFreq_Value=144000000
RCC.EXTERNAL_CLOCK_VALUE=12288000
RCC.FCLKCortexFreq_Value=144000000
RCC.FDCANFreq_Value=144000000
RCC.FamilyName=M
RCC.HCLKFreq_Value=144000000
RCC.HSE_VALUE=8000000
RCC.HSI48_VALUE=48000000
RCC.HSI_VALUE=16000000
RCC.I2C1Freq_Value=144000000
RCC.I2C2Freq_Value=144000000
RCC.I2C3Freq_Value=144000000
RCC.I2SFreq_Value=144000000
RCC.IPParameters=ADC12Freq_Value,AHBFreq_Value,APB1Freq_Value,APB1TimFreq_Value,APB2Freq_Value,APB2TimFreq_Value,CRSFreq_Value,CortexFreq_Value,EXTERNAL_CLOCK_VALUE,FCLKCortexFreq_Value,FDCANFreq_Value,FamilyName,HCLKFreq_Value,HSE_VALUE,HSI48_VALUE,HSI_VALUE,I2C1Freq_Value,I2C2Freq_Value,I2C3Freq_Value,I2SFreq_Value,LPTIM1Freq_Value,LPUART1Freq_Value,LSCOPinFreq_Value,LSE_VALUE,LSI_VALUE,MCO1PinFreq_Value,PLLM,PLLN,PLLPoutputFreq_Value,PLLQ,PLLQoutputFreq_Value,PLLRCLKFreq_Value,PWRFreq_Value,RNGFreq_Value,SAI1Freq_Value,SYSCLKFreq_VALUE,SYSCLKSource,UART4Freq_Value,USART1Freq_Value,USART2Freq_Value,USART3Freq_Value,USBFreq_Value,VCOInputFreq_Value,VCOOutputFreq_Value
RCC.LPTIM1Freq_Value=144000000
RCC.LPUART1Freq_Value=144000000
RCC.LSCOPinFreq_Value=32000
RCC.LSE_VALUE=32768
RCC.LSI_VALUE=32000
RCC.MCO1PinFreq_Value=16000000
RCC.PLLM=RCC_PLLM_DIV6
RCC.PLLN=108
RCC.PLLPoutputFreq_Value=144000000
RCC.PLLQ=RCC_PLLQ_DIV6
RCC.PLLQoutputFreq_Value=48000000
RCC.PLLRCLKFreq_Value=144000000
RCC.PWRFreq_Value=144000000
RCC.RNGFreq_Value=48000000
RCC.SAI1Freq_Value=144000000
RCC.SYSCLKFreq_VALUE=144000000
RCC.SYSCLKSource=RCC_SYSCLKSOURCE_PLLCLK
RCC.UART4Freq_Value=144000000
RCC.USART1Freq_Value=144000000
RCC.USART2Freq_Value=144000000
RCC.USART3Freq_Value=144000000
RCC.USBFreq_Value=48000000
RCC.VCOInputFreq_Value=2666666.6666666665
RCC.VCOOutputFreq_Value=288000000
SH.S_TIM15_CH2.0=TIM15_CH2,PWM Generation2 CH2
SH.S_TIM15_CH2.ConfNb=1
SPI1.BaudRatePrescaler=SPI_BAUDRATEPRESCALER_32
SPI1.CalculateBaudRate=4.5 MBits/s
SPI1.DataSize=SPI_DATASIZE_8BIT
SPI1.Direction=SPI_DIRECTION_2LINES
SPI1.IPParameters=VirtualType,Mode,Direction,CalculateBaudRate,DataSize,BaudRatePrescaler
SPI1.Mode=SPI_MODE_MASTER
SPI1.VirtualType=VM_MASTER
TIM15.AutoReloadPreload=TIM_AUTORELOAD_PRELOAD_ENABLE
TIM15.Channel-PWM\ Generation2\ CH2=TIM_CHANNEL_2
TIM15.IPParameters=Channel-PWM Generation2 CH2,Prescaler,PeriodNoDither,AutoReloadPreload
TIM15.PeriodNoDither=499
TIM15.Prescaler=60
USB_DEVICE.APP_RX_DATA_SIZE=64
USB_DEVICE.APP_TX_DATA_SIZE=64
USB_DEVICE.CLASS_NAME_FS=CDC
USB_DEVICE.CONFIGURATION_STRING_CDC_FS=CDC Config
USB_DEVICE.INTERFACE_STRING_CDC_FS=CDC Interface
USB_DEVICE.IPParameters=VirtualMode,VirtualModeFS,CLASS_NAME_FS,MANUFACTURER_STRING,PRODUCT_STRING_CDC_FS,APP_RX_DATA_SIZE,APP_TX_DATA_SIZE,PID_CDC_FS,CONFIGURATION_STRING_CDC_FS,INTERFACE_STRING_CDC_FS,USBD_LPM_ENABLED
USB_DEVICE.MANUFACTURER_STRING=DirectDriveTech
USB_DEVICE.PID_CDC_FS=22333
USB_DEVICE.PRODUCT_STRING_CDC_FS=DDT Link
USB_DEVICE.USBD_LPM_ENABLED=0
USB_DEVICE.VirtualMode=Cdc
USB_DEVICE.VirtualModeFS=Cdc_FS
VP_FATFS_VS_Generic.Mode=User_defined
VP_FATFS_VS_Generic.Signal=FATFS_VS_Generic
VP_SYS_VS_DBSignals.Mode=DisableDeadBatterySignals
VP_SYS_VS_DBSignals.Signal=SYS_VS_DBSignals
VP_SYS_VS_Systick.Mode=SysTick
VP_SYS_VS_Systick.Signal=SYS_VS_Systick
VP_USB_DEVICE_VS_USB_DEVICE_CDC_FS.Mode=CDC_FS
VP_USB_DEVICE_VS_USB_DEVICE_CDC_FS.Signal=USB_DEVICE_VS_USB_DEVICE_CDC_FS
board=custom
